
Microsoft Visual Studio Solution File, Format Version 12.00
# Visual Studio 14
VisualStudioVersion = 14.0.23107.0
MinimumVisualStudioVersion = 10.0.40219.1
Project("{8BC9CEB8-8B4A-11D0-8D11-00A0C91BC942}") = "Task29-SolvingExpressions", "Task29-SolvingExpressions\Task29-SolvingExpressions.vcxproj", "{E5B79298-5F50-4457-A27E-36A7DC92F2FC}"
EndProject
Project("{8BC9CEB8-8B4A-11D0-8D11-00A0C91BC942}") = "Task04-MonteCarloMethod", "Task04-MonteCarloMethod\Task04-MonteCarloMethod.vcxproj", "{D67CDAE1-A5DA-4FFD-9BEC-F06B65FFE48D}"
EndProject
Project("{8BC9CEB8-8B4A-11D0-8D11-00A0C91BC942}") = "Task31-SeriesExpansion", "Task31-SeriesExpansion\Task31-SeriesExpansion.vcxproj", "{DE0431C2-23A6-4F3A-9F1A-3A5D8D811742}"
EndProject
Project("{8BC9CEB8-8B4A-11D0-8D11-00A0C91BC942}") = "Task08-FunctionInterpolation", "Task08-FunctionInterpolation\Task08-FunctionInterpolation.vcxproj", "{5D8FFB80-E2A4-4643-8891-8F53BFF2CB94}"
EndProject
Project("{8BC9CEB8-8B4A-11D0-8D11-00A0C91BC942}") = "Task33-DiophantineEquations", "Task33-DiophantineEquations\Task33-DiophantineEquations.vcxproj", "{9C8B912F-0DF7-431B-92B5-92B0D8CCD78C}"
EndProject
Project("{8BC9CEB8-8B4A-11D0-8D11-00A0C91BC942}") = "Task05-List", "Task05-List\Task05-List.vcxproj", "{68D36A7C-6E1E-4CE2-BEB3-1FE388F1C5B4}"
EndProject
Project("{8BC9CEB8-8B4A-11D0-8D11-00A0C91BC942}") = "Task13-TabularMaximumSum", "Task13-TabularMaximumSum\Task13-TabularMaximumSum.vcxproj", "{F5EDB9EF-9F7E-4155-9690-4C694E897078}"
EndProject
Project("{8BC9CEB8-8B4A-11D0-8D11-00A0C91BC942}") = "Task25-Palindrome", "Task25-Palindrome\Task25-Palindrome.vcxproj", "{1441A5C2-6740-4DE7-8C8F-A183A338515F}"
EndProject
Project("{2150E333-8FDC-42A3-9474-1A3956D46DE8}") = "Solved Problems", "Solved Problems", "{C7D9C280-E907-4F1A-8B2C-0E7C9E62E3D9}"
EndProject
Project("{2150E333-8FDC-42A3-9474-1A3956D46DE8}") = "Passed Problems", "Passed Problems", "{062EAFFF-1BB8-4581-BA29-9DED9961B995}"
EndProject
Project("{2150E333-8FDC-42A3-9474-1A3956D46DE8}") = "Unfinished Problems", "Unfinished Problems", "{91C4C973-043D-428E-9758-A6EF2279127E}"
EndProject
Project("{8BC9CEB8-8B4A-11D0-8D11-00A0C91BC942}") = "Task14-HeapSort", "Task14-HeapSort\Task14-HeapSort.vcxproj", "{7366A908-2E79-4E08-8C2B-96E0541CD044}"
EndProject
Global
	GlobalSection(SolutionConfigurationPlatforms) = preSolution
		Debug|x64 = Debug|x64
		Debug|x86 = Debug|x86
		Release|x64 = Release|x64
		Release|x86 = Release|x86
	EndGlobalSection
	GlobalSection(ProjectConfigurationPlatforms) = postSolution
		{E5B79298-5F50-4457-A27E-36A7DC92F2FC}.Debug|x64.ActiveCfg = Debug|x64
		{E5B79298-5F50-4457-A27E-36A7DC92F2FC}.Debug|x64.Build.0 = Debug|x64
		{E5B79298-5F50-4457-A27E-36A7DC92F2FC}.Debug|x86.ActiveCfg = Debug|Win32
		{E5B79298-5F50-4457-A27E-36A7DC92F2FC}.Debug|x86.Build.0 = Debug|Win32
		{E5B79298-5F50-4457-A27E-36A7DC92F2FC}.Release|x64.ActiveCfg = Release|x64
		{E5B79298-5F50-4457-A27E-36A7DC92F2FC}.Release|x64.Build.0 = Release|x64
		{E5B79298-5F50-4457-A27E-36A7DC92F2FC}.Release|x86.ActiveCfg = Release|Win32
		{E5B79298-5F50-4457-A27E-36A7DC92F2FC}.Release|x86.Build.0 = Release|Win32
		{D67CDAE1-A5DA-4FFD-9BEC-F06B65FFE48D}.Debug|x64.ActiveCfg = Debug|x64
		{D67CDAE1-A5DA-4FFD-9BEC-F06B65FFE48D}.Debug|x64.Build.0 = Debug|x64
		{D67CDAE1-A5DA-4FFD-9BEC-F06B65FFE48D}.Debug|x86.ActiveCfg = Debug|Win32
		{D67CDAE1-A5DA-4FFD-9BEC-F06B65FFE48D}.Debug|x86.Build.0 = Debug|Win32
		{D67CDAE1-A5DA-4FFD-9BEC-F06B65FFE48D}.Release|x64.ActiveCfg = Release|x64
		{D67CDAE1-A5DA-4FFD-9BEC-F06B65FFE48D}.Release|x64.Build.0 = Release|x64
		{D67CDAE1-A5DA-4FFD-9BEC-F06B65FFE48D}.Release|x86.ActiveCfg = Release|Win32
		{D67CDAE1-A5DA-4FFD-9BEC-F06B65FFE48D}.Release|x86.Build.0 = Release|Win32
		{DE0431C2-23A6-4F3A-9F1A-3A5D8D811742}.Debug|x64.ActiveCfg = Debug|x64
		{DE0431C2-23A6-4F3A-9F1A-3A5D8D811742}.Debug|x64.Build.0 = Debug|x64
		{DE0431C2-23A6-4F3A-9F1A-3A5D8D811742}.Debug|x86.ActiveCfg = Debug|Win32
		{DE0431C2-23A6-4F3A-9F1A-3A5D8D811742}.Debug|x86.Build.0 = Debug|Win32
		{DE0431C2-23A6-4F3A-9F1A-3A5D8D811742}.Release|x64.ActiveCfg = Release|x64
		{DE0431C2-23A6-4F3A-9F1A-3A5D8D811742}.Release|x64.Build.0 = Release|x64
		{DE0431C2-23A6-4F3A-9F1A-3A5D8D811742}.Release|x86.ActiveCfg = Release|Win32
		{DE0431C2-23A6-4F3A-9F1A-3A5D8D811742}.Release|x86.Build.0 = Release|Win32
		{5D8FFB80-E2A4-4643-8891-8F53BFF2CB94}.Debug|x64.ActiveCfg = Debug|x64
		{5D8FFB80-E2A4-4643-8891-8F53BFF2CB94}.Debug|x64.Build.0 = Debug|x64
		{5D8FFB80-E2A4-4643-8891-8F53BFF2CB94}.Debug|x86.ActiveCfg = Debug|Win32
		{5D8FFB80-E2A4-4643-8891-8F53BFF2CB94}.Debug|x86.Build.0 = Debug|Win32
		{5D8FFB80-E2A4-4643-8891-8F53BFF2CB94}.Release|x64.ActiveCfg = Release|x64
		{5D8FFB80-E2A4-4643-8891-8F53BFF2CB94}.Release|x64.Build.0 = Release|x64
		{5D8FFB80-E2A4-4643-8891-8F53BFF2CB94}.Release|x86.ActiveCfg = Release|Win32
		{5D8FFB80-E2A4-4643-8891-8F53BFF2CB94}.Release|x86.Build.0 = Release|Win32
		{9C8B912F-0DF7-431B-92B5-92B0D8CCD78C}.Debug|x64.ActiveCfg = Debug|x64
		{9C8B912F-0DF7-431B-92B5-92B0D8CCD78C}.Debug|x64.Build.0 = Debug|x64
		{9C8B912F-0DF7-431B-92B5-92B0D8CCD78C}.Debug|x86.ActiveCfg = Debug|Win32
		{9C8B912F-0DF7-431B-92B5-92B0D8CCD78C}.Debug|x86.Build.0 = Debug|Win32
		{9C8B912F-0DF7-431B-92B5-92B0D8CCD78C}.Release|x64.ActiveCfg = Release|x64
		{9C8B912F-0DF7-431B-92B5-92B0D8CCD78C}.Release|x64.Build.0 = Release|x64
		{9C8B912F-0DF7-431B-92B5-92B0D8CCD78C}.Release|x86.ActiveCfg = Release|Win32
		{9C8B912F-0DF7-431B-92B5-92B0D8CCD78C}.Release|x86.Build.0 = Release|Win32
		{68D36A7C-6E1E-4CE2-BEB3-1FE388F1C5B4}.Debug|x64.ActiveCfg = Debug|x64
		{68D36A7C-6E1E-4CE2-BEB3-1FE388F1C5B4}.Debug|x64.Build.0 = Debug|x64
		{68D36A7C-6E1E-4CE2-BEB3-1FE388F1C5B4}.Debug|x86.ActiveCfg = Debug|Win32
		{68D36A7C-6E1E-4CE2-BEB3-1FE388F1C5B4}.Debug|x86.Build.0 = Debug|Win32
		{68D36A7C-6E1E-4CE2-BEB3-1FE388F1C5B4}.Release|x64.ActiveCfg = Release|x64
		{68D36A7C-6E1E-4CE2-BEB3-1FE388F1C5B4}.Release|x64.Build.0 = Release|x64
		{68D36A7C-6E1E-4CE2-BEB3-1FE388F1C5B4}.Release|x86.ActiveCfg = Release|Win32
		{68D36A7C-6E1E-4CE2-BEB3-1FE388F1C5B4}.Release|x86.Build.0 = Release|Win32
		{F5EDB9EF-9F7E-4155-9690-4C694E897078}.Debug|x64.ActiveCfg = Debug|x64
		{F5EDB9EF-9F7E-4155-9690-4C694E897078}.Debug|x64.Build.0 = Debug|x64
		{F5EDB9EF-9F7E-4155-9690-4C694E897078}.Debug|x86.ActiveCfg = Debug|Win32
		{F5EDB9EF-9F7E-4155-9690-4C694E897078}.Debug|x86.Build.0 = Debug|Win32
		{F5EDB9EF-9F7E-4155-9690-4C694E897078}.Release|x64.ActiveCfg = Release|x64
		{F5EDB9EF-9F7E-4155-9690-4C694E897078}.Release|x64.Build.0 = Release|x64
		{F5EDB9EF-9F7E-4155-9690-4C694E897078}.Release|x86.ActiveCfg = Release|Win32
		{F5EDB9EF-9F7E-4155-9690-4C694E897078}.Release|x86.Build.0 = Release|Win32
		{1441A5C2-6740-4DE7-8C8F-A183A338515F}.Debug|x64.ActiveCfg = Debug|x64
		{1441A5C2-6740-4DE7-8C8F-A183A338515F}.Debug|x64.Build.0 = Debug|x64
		{1441A5C2-6740-4DE7-8C8F-A183A338515F}.Debug|x86.ActiveCfg = Debug|Win32
		{1441A5C2-6740-4DE7-8C8F-A183A338515F}.Debug|x86.Build.0 = Debug|Win32
		{1441A5C2-6740-4DE7-8C8F-A183A338515F}.Release|x64.ActiveCfg = Release|x64
		{1441A5C2-6740-4DE7-8C8F-A183A338515F}.Release|x64.Build.0 = Release|x64
		{1441A5C2-6740-4DE7-8C8F-A183A338515F}.Release|x86.ActiveCfg = Release|Win32
		{1441A5C2-6740-4DE7-8C8F-A183A338515F}.Release|x86.Build.0 = Release|Win32
		{7366A908-2E79-4E08-8C2B-96E0541CD044}.Debug|x64.ActiveCfg = Debug|x64
		{7366A908-2E79-4E08-8C2B-96E0541CD044}.Debug|x64.Build.0 = Debug|x64
		{7366A908-2E79-4E08-8C2B-96E0541CD044}.Debug|x86.ActiveCfg = Debug|Win32
		{7366A908-2E79-4E08-8C2B-96E0541CD044}.Debug|x86.Build.0 = Debug|Win32
		{7366A908-2E79-4E08-8C2B-96E0541CD044}.Release|x64.ActiveCfg = Release|x64
		{7366A908-2E79-4E08-8C2B-96E0541CD044}.Release|x64.Build.0 = Release|x64
		{7366A908-2E79-4E08-8C2B-96E0541CD044}.Release|x86.ActiveCfg = Release|Win32
		{7366A908-2E79-4E08-8C2B-96E0541CD044}.Release|x86.Build.0 = Release|Win32
	EndGlobalSection
	GlobalSection(SolutionProperties) = preSolution
		HideSolutionNode = FALSE
	EndGlobalSection
	GlobalSection(NestedProjects) = preSolution
		{E5B79298-5F50-4457-A27E-36A7DC92F2FC} = {062EAFFF-1BB8-4581-BA29-9DED9961B995}
		{D67CDAE1-A5DA-4FFD-9BEC-F06B65FFE48D} = {C7D9C280-E907-4F1A-8B2C-0E7C9E62E3D9}
		{DE0431C2-23A6-4F3A-9F1A-3A5D8D811742} = {062EAFFF-1BB8-4581-BA29-9DED9961B995}
		{5D8FFB80-E2A4-4643-8891-8F53BFF2CB94} = {C7D9C280-E907-4F1A-8B2C-0E7C9E62E3D9}
		{9C8B912F-0DF7-431B-92B5-92B0D8CCD78C} = {C7D9C280-E907-4F1A-8B2C-0E7C9E62E3D9}
		{68D36A7C-6E1E-4CE2-BEB3-1FE388F1C5B4} = {91C4C973-043D-428E-9758-A6EF2279127E}
		{F5EDB9EF-9F7E-4155-9690-4C694E897078} = {C7D9C280-E907-4F1A-8B2C-0E7C9E62E3D9}
		{1441A5C2-6740-4DE7-8C8F-A183A338515F} = {91C4C973-043D-428E-9758-A6EF2279127E}
		{7366A908-2E79-4E08-8C2B-96E0541CD044} = {91C4C973-043D-428E-9758-A6EF2279127E}
	EndGlobalSection
EndGlobal
